
Microsoft Visual Studio Solution File, Format Version 12.00
# Visual Studio Version 16
VisualStudioVersion = 16.0.29806.167
MinimumVisualStudioVersion = 10.0.40219.1
Project("{FAE04EC0-301F-11D3-BF4B-00C04F79EFBC}") = "Ders Programı Planlayıcı", "Ders Programı Planlayıcı\Ders Programı Planlayıcı.csproj", "{FC19AF0D-85AA-446F-B6EF-B69A718A3153}"
EndProject
Global
	GlobalSection(SolutionConfigurationPlatforms) = preSolution
		Debug|Any CPU = Debug|Any CPU
		Release|Any CPU = Release|Any CPU
	EndGlobalSection
	GlobalSection(ProjectConfigurationPlatforms) = postSolution
		{FC19AF0D-85AA-446F-B6EF-B69A718A3153}.Debug|Any CPU.ActiveCfg = Debug|Any CPU
		{FC19AF0D-85AA-446F-B6EF-B69A718A3153}.Debug|Any CPU.Build.0 = Debug|Any CPU
		{FC19AF0D-85AA-446F-B6EF-B69A718A3153}.Release|Any CPU.ActiveCfg = Release|Any CPU
		{FC19AF0D-85AA-446F-B6EF-B69A718A3153}.Release|Any CPU.Build.0 = Release|Any CPU
	EndGlobalSection
	GlobalSection(SolutionProperties) = preSolution
		HideSolutionNode = FALSE
	EndGlobalSection
	GlobalSection(ExtensibilityGlobals) = postSolution
		SolutionGuid = {8FBC505A-0C29-4A3F-B31F-378614ABE226}
	EndGlobalSection
EndGlobal
